
Microsoft Visual Studio Solution File, Format Version 12.00
# Visual Studio 15
VisualStudioVersion = 15.0.28307.136
MinimumVisualStudioVersion = 10.0.40219.1
Project("{FAE04EC0-301F-11D3-BF4B-00C04F79EFBC}") = "HotelReservationSystem.UI", "HotelReservationSystem.UI\HotelReservationSystem.UI.csproj", "{2C2B190E-794C-4258-9FBA-C2D1E8E06C14}"
EndProject
Project("{FAE04EC0-301F-11D3-BF4B-00C04F79EFBC}") = "HotelReserationSystem.WebApi", "HotelReserationSystem.Web\HotelReserationSystem.WebApi.csproj", "{CC189E18-707A-4AA1-BD55-1F89C8128F0E}"
EndProject
Project("{FAE04EC0-301F-11D3-BF4B-00C04F79EFBC}") = "HotelReservationSystem.Services", "HotelReservationSystem.Services\HotelReservationSystem.Services.csproj", "{AAA86894-583C-406F-B82D-0BE08EE177E2}"
EndProject
Project("{FAE04EC0-301F-11D3-BF4B-00C04F79EFBC}") = "HotelReservationSystem.Services.Tests", "HotelReservationSystem.Services.Tests\HotelReservationSystem.Services.Tests.csproj", "{BE4946A8-9FC1-4ABF-90A0-738D9FDDE772}"
EndProject
Global
	GlobalSection(SolutionConfigurationPlatforms) = preSolution
		Debug|Any CPU = Debug|Any CPU
		Release|Any CPU = Release|Any CPU
	EndGlobalSection
	GlobalSection(ProjectConfigurationPlatforms) = postSolution
		{2C2B190E-794C-4258-9FBA-C2D1E8E06C14}.Debug|Any CPU.ActiveCfg = Debug|Any CPU
		{2C2B190E-794C-4258-9FBA-C2D1E8E06C14}.Debug|Any CPU.Build.0 = Debug|Any CPU
		{2C2B190E-794C-4258-9FBA-C2D1E8E06C14}.Release|Any CPU.ActiveCfg = Release|Any CPU
		{2C2B190E-794C-4258-9FBA-C2D1E8E06C14}.Release|Any CPU.Build.0 = Release|Any CPU
		{CC189E18-707A-4AA1-BD55-1F89C8128F0E}.Debug|Any CPU.ActiveCfg = Debug|Any CPU
		{CC189E18-707A-4AA1-BD55-1F89C8128F0E}.Debug|Any CPU.Build.0 = Debug|Any CPU
		{CC189E18-707A-4AA1-BD55-1F89C8128F0E}.Release|Any CPU.ActiveCfg = Release|Any CPU
		{CC189E18-707A-4AA1-BD55-1F89C8128F0E}.Release|Any CPU.Build.0 = Release|Any CPU
		{AAA86894-583C-406F-B82D-0BE08EE177E2}.Debug|Any CPU.ActiveCfg = Debug|Any CPU
		{AAA86894-583C-406F-B82D-0BE08EE177E2}.Debug|Any CPU.Build.0 = Debug|Any CPU
		{AAA86894-583C-406F-B82D-0BE08EE177E2}.Release|Any CPU.ActiveCfg = Release|Any CPU
		{AAA86894-583C-406F-B82D-0BE08EE177E2}.Release|Any CPU.Build.0 = Release|Any CPU
		{BE4946A8-9FC1-4ABF-90A0-738D9FDDE772}.Debug|Any CPU.ActiveCfg = Debug|Any CPU
		{BE4946A8-9FC1-4ABF-90A0-738D9FDDE772}.Debug|Any CPU.Build.0 = Debug|Any CPU
		{BE4946A8-9FC1-4ABF-90A0-738D9FDDE772}.Release|Any CPU.ActiveCfg = Release|Any CPU
		{BE4946A8-9FC1-4ABF-90A0-738D9FDDE772}.Release|Any CPU.Build.0 = Release|Any CPU
	EndGlobalSection
	GlobalSection(SolutionProperties) = preSolution
		HideSolutionNode = FALSE
	EndGlobalSection
	GlobalSection(ExtensibilityGlobals) = postSolution
		SolutionGuid = {4C0392A1-B942-4F01-9578-B95745B4AD42}
	EndGlobalSection
EndGlobal
